
Microsoft Visual Studio Solution File, Format Version 12.00
# Visual Studio Version 16
VisualStudioVersion = 16.0.33130.400
MinimumVisualStudioVersion = 10.0.40219.1
Project("{FAE04EC0-301F-11D3-BF4B-00C04F79EFBC}") = "TinhToan", "TinhToan\TinhToan.csproj", "{1B9A951B-C92E-4FA8-A906-2CE44BC8A81E}"
EndProject
Global
	GlobalSection(SolutionConfigurationPlatforms) = preSolution
		Debug|Any CPU = Debug|Any CPU
		Release|Any CPU = Release|Any CPU
	EndGlobalSection
	GlobalSection(ProjectConfigurationPlatforms) = postSolution
		{1B9A951B-C92E-4FA8-A906-2CE44BC8A81E}.Debug|Any CPU.ActiveCfg = Debug|Any CPU
		{1B9A951B-C92E-4FA8-A906-2CE44BC8A81E}.Debug|Any CPU.Build.0 = Debug|Any CPU
		{1B9A951B-C92E-4FA8-A906-2CE44BC8A81E}.Release|Any CPU.ActiveCfg = Release|Any CPU
		{1B9A951B-C92E-4FA8-A906-2CE44BC8A81E}.Release|Any CPU.Build.0 = Release|Any CPU
	EndGlobalSection
	GlobalSection(SolutionProperties) = preSolution
		HideSolutionNode = FALSE
	EndGlobalSection
	GlobalSection(ExtensibilityGlobals) = postSolution
		SolutionGuid = {BB2D4F48-3165-4AC2-8921-28AF9A262FC4}
	EndGlobalSection
EndGlobal
